
Microsoft Visual Studio Solution File, Format Version 12.00
# Visual Studio 14
VisualStudioVersion = 14.0.25420.1
MinimumVisualStudioVersion = 10.0.40219.1
Project("{FAE04EC0-301F-11D3-BF4B-00C04F79EFBC}") = "DerpibooruDownloader", "DerpibooruDownloader\DerpibooruDownloader.csproj", "{CFB976B2-4AB8-46EE-92A9-E0C7A92A3D09}"
EndProject
Global
	GlobalSection(SolutionConfigurationPlatforms) = preSolution
		Debug|Any CPU = Debug|Any CPU
		Release|Any CPU = Release|Any CPU
	EndGlobalSection
	GlobalSection(ProjectConfigurationPlatforms) = postSolution
		{CFB976B2-4AB8-46EE-92A9-E0C7A92A3D09}.Debug|Any CPU.ActiveCfg = Debug|Any CPU
		{CFB976B2-4AB8-46EE-92A9-E0C7A92A3D09}.Debug|Any CPU.Build.0 = Debug|Any CPU
		{CFB976B2-4AB8-46EE-92A9-E0C7A92A3D09}.Release|Any CPU.ActiveCfg = Release|Any CPU
		{CFB976B2-4AB8-46EE-92A9-E0C7A92A3D09}.Release|Any CPU.Build.0 = Release|Any CPU
	EndGlobalSection
	GlobalSection(SolutionProperties) = preSolution
		HideSolutionNode = FALSE
	EndGlobalSection
EndGlobal
